
Microsoft Visual Studio Solution File, Format Version 12.00
# Visual Studio Version 16
VisualStudioVersion = 16.0.34031.81
MinimumVisualStudioVersion = 10.0.40219.1
Project("{FAE04EC0-301F-11D3-BF4B-00C04F79EFBC}") = "izvestaj rad", "izvestaj rad\izvestaj rad.csproj", "{2096772C-7067-4BCA-9D0F-AC54715AC7A8}"
EndProject
Global
	GlobalSection(SolutionConfigurationPlatforms) = preSolution
		Debug|Any CPU = Debug|Any CPU
		Release|Any CPU = Release|Any CPU
	EndGlobalSection
	GlobalSection(ProjectConfigurationPlatforms) = postSolution
		{2096772C-7067-4BCA-9D0F-AC54715AC7A8}.Debug|Any CPU.ActiveCfg = Debug|Any CPU
		{2096772C-7067-4BCA-9D0F-AC54715AC7A8}.Debug|Any CPU.Build.0 = Debug|Any CPU
		{2096772C-7067-4BCA-9D0F-AC54715AC7A8}.Release|Any CPU.ActiveCfg = Release|Any CPU
		{2096772C-7067-4BCA-9D0F-AC54715AC7A8}.Release|Any CPU.Build.0 = Release|Any CPU
	EndGlobalSection
	GlobalSection(SolutionProperties) = preSolution
		HideSolutionNode = FALSE
	EndGlobalSection
	GlobalSection(ExtensibilityGlobals) = postSolution
		SolutionGuid = {9D10F83A-A77A-4F6B-B952-94E6EA1ABCFD}
	EndGlobalSection
EndGlobal
